{
  "pins" : [
    {
      "identity" : "audio_engine",
      "kind" : "remoteSourceControl",
      "location" : "https://github.com/objective-audio/audio_engine.git",
      "state" : {
        "branch" : "master",
        "revision" : "d153af82f6f521d81f65ecdf9ac81625f77058c4"
      }
    },
    {
      "identity" : "cpp_utils",
      "kind" : "remoteSourceControl",
      "location" : "https://github.com/objective-audio/cpp_utils.git",
      "state" : {
        "branch" : "master",
        "revision" : "40ce93a63bddb54d7523fb1b87b80c112997478e"
      }
    },
    {
      "identity" : "processing",
      "kind" : "remoteSourceControl",
      "location" : "https://github.com/objective-audio/processing.git",
      "state" : {
        "branch" : "master",
        "revision" : "12e7aff1311c367520aaaaab3fb08bc68561206e"
      }
    }
  ],
  "version" : 2
}
