// !$*UTF8*$!
{
	archiveVersion = 1;
	classes = {
	};
	objectVersion = 50;
	objects = {

/* Begin PBXBuildFile section */
		B6081264259C8F0C00BB580C /* yas_playing_exporter_resource.h in Headers */ = {isa = PBXBuildFile; fileRef = B6081262259C8F0C00BB580C /* yas_playing_exporter_resource.h */; settings = {ATTRIBUTES = (Public, ); }; };
		B6081265259C8F0C00BB580C /* yas_playing_exporter_resource.cpp in Sources */ = {isa = PBXBuildFile; fileRef = B6081263259C8F0C00BB580C /* yas_playing_exporter_resource.cpp */; };
		B608127D259CAA6000BB580C /* yas_playing_exporter_types.h in Headers */ = {isa = PBXBuildFile; fileRef = B608127C259CAA6000BB580C /* yas_playing_exporter_types.h */; settings = {ATTRIBUTES = (Public, ); }; };
		B61DF5D7254EDC3100972B05 /* yas_playing_reading_resource.cpp in Sources */ = {isa = PBXBuildFile; fileRef = B61DF5D5254EDC3100972B05 /* yas_playing_reading_resource.cpp */; };
		B61DF5D8254EDC3100972B05 /* yas_playing_reading_resource.h in Headers */ = {isa = PBXBuildFile; fileRef = B61DF5D6254EDC3100972B05 /* yas_playing_reading_resource.h */; settings = {ATTRIBUTES = (Public, ); }; };
		B64649542558397100398A97 /* yas_playing_player_resource.cpp in Sources */ = {isa = PBXBuildFile; fileRef = B64649522558397100398A97 /* yas_playing_player_resource.cpp */; };
		B64649552558397100398A97 /* yas_playing_player_resource.h in Headers */ = {isa = PBXBuildFile; fileRef = B64649532558397100398A97 /* yas_playing_player_resource.h */; settings = {ATTRIBUTES = (Public, ); }; };
		B66827D6254D4B9500306B0D /* yas_playing_player.cpp in Sources */ = {isa = PBXBuildFile; fileRef = B66827D4254D4B9500306B0D /* yas_playing_player.cpp */; };
		B66827D7254D4B9500306B0D /* yas_playing_player.h in Headers */ = {isa = PBXBuildFile; fileRef = B66827D5254D4B9500306B0D /* yas_playing_player.h */; settings = {ATTRIBUTES = (Public, ); }; };
		B66827DD254E666D00306B0D /* yas_playing_player_utils.cpp in Sources */ = {isa = PBXBuildFile; fileRef = B66827DB254E666D00306B0D /* yas_playing_player_utils.cpp */; };
		B66827DE254E666D00306B0D /* yas_playing_player_utils.h in Headers */ = {isa = PBXBuildFile; fileRef = B66827DC254E666D00306B0D /* yas_playing_player_utils.h */; settings = {ATTRIBUTES = (Public, ); }; };
		B66827F8254E6A4D00306B0D /* yas_playing_coordinator_dependency.h in Headers */ = {isa = PBXBuildFile; fileRef = B66827F7254E6A4700306B0D /* yas_playing_coordinator_dependency.h */; settings = {ATTRIBUTES = (Public, ); }; };
		B668280B25510D2500306B0D /* yas_playing_buffering_resource.cpp in Sources */ = {isa = PBXBuildFile; fileRef = B668280925510D2500306B0D /* yas_playing_buffering_resource.cpp */; };
		B668280C25510D2500306B0D /* yas_playing_buffering_resource.h in Headers */ = {isa = PBXBuildFile; fileRef = B668280A25510D2500306B0D /* yas_playing_buffering_resource.h */; settings = {ATTRIBUTES = (Public, ); }; };
		B67D295A2599BC8A00692980 /* yas_playing_channel_mapping.h in Headers */ = {isa = PBXBuildFile; fileRef = B67D29582599BC8A00692980 /* yas_playing_channel_mapping.h */; settings = {ATTRIBUTES = (Public, ); }; };
		B67D29632599E7CE00692980 /* yas_playing_channel_mapping.cpp in Sources */ = {isa = PBXBuildFile; fileRef = B67D29612599E7CE00692980 /* yas_playing_channel_mapping.cpp */; };
		B68CE59223272BD700FC2EF3 /* yas_playing_ptr.h in Headers */ = {isa = PBXBuildFile; fileRef = B68CE59123272BD700FC2EF3 /* yas_playing_ptr.h */; settings = {ATTRIBUTES = (Public, ); }; };
		B69AF322258BA01700856455 /* yas_playing_buffering_element_protocol.cpp in Sources */ = {isa = PBXBuildFile; fileRef = B69AF321258BA01700856455 /* yas_playing_buffering_element_protocol.cpp */; };
		B6A1F8C42600CED700687652 /* observing.framework in Frameworks */ = {isa = PBXBuildFile; fileRef = B6A1F8C32600CED700687652 /* observing.framework */; };
		B6AC810725826147003A4CEC /* yas_playing_reading_resource_types.h in Headers */ = {isa = PBXBuildFile; fileRef = B6AC810625826147003A4CEC /* yas_playing_reading_resource_types.h */; settings = {ATTRIBUTES = (Public, ); }; };
		B6B30F8025595FCF0022D37A /* yas_playing_buffering_channel.cpp in Sources */ = {isa = PBXBuildFile; fileRef = B6B30F7E25595FCF0022D37A /* yas_playing_buffering_channel.cpp */; };
		B6B30F8125595FCF0022D37A /* yas_playing_buffering_channel.h in Headers */ = {isa = PBXBuildFile; fileRef = B6B30F7F25595FCF0022D37A /* yas_playing_buffering_channel.h */; settings = {ATTRIBUTES = (Public, ); }; };
		B6B30F862559601D0022D37A /* yas_playing_buffering_element.cpp in Sources */ = {isa = PBXBuildFile; fileRef = B6B30F842559601D0022D37A /* yas_playing_buffering_element.cpp */; };
		B6B30F872559601D0022D37A /* yas_playing_buffering_element.h in Headers */ = {isa = PBXBuildFile; fileRef = B6B30F852559601D0022D37A /* yas_playing_buffering_element.h */; settings = {ATTRIBUTES = (Public, ); }; };
		B6CF842E2646220E001E2C3A /* yas_playing_player_dependency.h in Headers */ = {isa = PBXBuildFile; fileRef = B6CF842D2646220E001E2C3A /* yas_playing_player_dependency.h */; settings = {ATTRIBUTES = (Public, ); }; };
		B6CF845426466A51001E2C3A /* yas_playing_player_resource_dependency.h in Headers */ = {isa = PBXBuildFile; fileRef = B6CF845326466A51001E2C3A /* yas_playing_player_resource_dependency.h */; settings = {ATTRIBUTES = (Public, ); }; };
		B6CF846026466ECC001E2C3A /* yas_playing_buffering_resource_dependency.h in Headers */ = {isa = PBXBuildFile; fileRef = B6CF845F26466ECC001E2C3A /* yas_playing_buffering_resource_dependency.h */; settings = {ATTRIBUTES = (Public, ); }; };
		B6CF846A26466F79001E2C3A /* yas_playing_buffering_channel_dependency.h in Headers */ = {isa = PBXBuildFile; fileRef = B6CF846926466F79001E2C3A /* yas_playing_buffering_channel_dependency.h */; settings = {ATTRIBUTES = (Public, ); }; };
		B6E06A0C257A55F10018E91D /* yas_playing_buffering_element_protocol.h in Headers */ = {isa = PBXBuildFile; fileRef = B6E06A0A257A55AA0018E91D /* yas_playing_buffering_element_protocol.h */; settings = {ATTRIBUTES = (Public, ); }; };
		B6E06A13257A6E1F0018E91D /* yas_playing_buffering_resource_types.h in Headers */ = {isa = PBXBuildFile; fileRef = B6E06A11257A6DFA0018E91D /* yas_playing_buffering_resource_types.h */; settings = {ATTRIBUTES = (Public, ); }; };
		B6FB00BD229B69D5000C22F5 /* playing.h in Headers */ = {isa = PBXBuildFile; fileRef = B6FB00BB229B69D5000C22F5 /* playing.h */; settings = {ATTRIBUTES = (Public, ); }; };
		B6FB00C3229B6A10000C22F5 /* audio.framework in Frameworks */ = {isa = PBXBuildFile; fileRef = B6FB00C2229B6A10000C22F5 /* audio.framework */; };
		B6FB00C7229B6A10000C22F5 /* cpp_utils.framework in Frameworks */ = {isa = PBXBuildFile; fileRef = B6FB00C6229B6A10000C22F5 /* cpp_utils.framework */; };
		B6FB00C9229B6A10000C22F5 /* objc_utils.framework in Frameworks */ = {isa = PBXBuildFile; fileRef = B6FB00C8229B6A10000C22F5 /* objc_utils.framework */; };
		B6FB00CB229B6A10000C22F5 /* processing.framework in Frameworks */ = {isa = PBXBuildFile; fileRef = B6FB00CA229B6A10000C22F5 /* processing.framework */; };
		B6FB00F0229B6A1A000C22F5 /* yas_playing_coordinator.h in Headers */ = {isa = PBXBuildFile; fileRef = B6FB00CD229B6A19000C22F5 /* yas_playing_coordinator.h */; settings = {ATTRIBUTES = (Public, ); }; };
		B6FB00F1229B6A1A000C22F5 /* yas_playing_timeline_container.cpp in Sources */ = {isa = PBXBuildFile; fileRef = B6FB00CE229B6A19000C22F5 /* yas_playing_timeline_container.cpp */; };
		B6FB00F3229B6A1A000C22F5 /* yas_playing_path.cpp in Sources */ = {isa = PBXBuildFile; fileRef = B6FB00D0229B6A19000C22F5 /* yas_playing_path.cpp */; };
		B6FB00F5229B6A1A000C22F5 /* yas_playing_timeline_utils.h in Headers */ = {isa = PBXBuildFile; fileRef = B6FB00D2229B6A19000C22F5 /* yas_playing_timeline_utils.h */; settings = {ATTRIBUTES = (Public, ); }; };
		B6FB00F7229B6A1A000C22F5 /* yas_playing_renderer.h in Headers */ = {isa = PBXBuildFile; fileRef = B6FB00D4229B6A19000C22F5 /* yas_playing_renderer.h */; settings = {ATTRIBUTES = (Public, ); }; };
		B6FB00F9229B6A1A000C22F5 /* yas_playing_renderer.cpp in Sources */ = {isa = PBXBuildFile; fileRef = B6FB00D6229B6A19000C22F5 /* yas_playing_renderer.cpp */; };
		B6FB00FA229B6A1A000C22F5 /* yas_playing_timeline_canceling.cpp in Sources */ = {isa = PBXBuildFile; fileRef = B6FB00D7229B6A19000C22F5 /* yas_playing_timeline_canceling.cpp */; };
		B6FB00FB229B6A1A000C22F5 /* yas_playing_renderer_types.h in Headers */ = {isa = PBXBuildFile; fileRef = B6FB00D8229B6A19000C22F5 /* yas_playing_renderer_types.h */; settings = {ATTRIBUTES = (Public, ); }; };
		B6FB00FD229B6A1A000C22F5 /* yas_playing_signal_file_info.h in Headers */ = {isa = PBXBuildFile; fileRef = B6FB00DA229B6A19000C22F5 /* yas_playing_signal_file_info.h */; settings = {ATTRIBUTES = (Public, ); }; };
		B6FB00FE229B6A1A000C22F5 /* yas_playing_signal_file.h in Headers */ = {isa = PBXBuildFile; fileRef = B6FB00DB229B6A19000C22F5 /* yas_playing_signal_file.h */; settings = {ATTRIBUTES = (Public, ); }; };
		B6FB0101229B6A1A000C22F5 /* yas_playing_math.h in Headers */ = {isa = PBXBuildFile; fileRef = B6FB00DE229B6A19000C22F5 /* yas_playing_math.h */; settings = {ATTRIBUTES = (Public, ); }; };
		B6FB0102229B6A1A000C22F5 /* yas_playing_types.h in Headers */ = {isa = PBXBuildFile; fileRef = B6FB00DF229B6A19000C22F5 /* yas_playing_types.h */; settings = {ATTRIBUTES = (Public, ); }; };
		B6FB0103229B6A1A000C22F5 /* yas_playing_timeline_container.h in Headers */ = {isa = PBXBuildFile; fileRef = B6FB00E0229B6A19000C22F5 /* yas_playing_timeline_container.h */; settings = {ATTRIBUTES = (Public, ); }; };
		B6FB0104229B6A1A000C22F5 /* yas_playing_numbers_file.cpp in Sources */ = {isa = PBXBuildFile; fileRef = B6FB00E1229B6A19000C22F5 /* yas_playing_numbers_file.cpp */; };
		B6FB0105229B6A1A000C22F5 /* yas_playing_exporter.cpp in Sources */ = {isa = PBXBuildFile; fileRef = B6FB00E2229B6A19000C22F5 /* yas_playing_exporter.cpp */; };
		B6FB0106229B6A1A000C22F5 /* yas_playing_umbrella.h in Headers */ = {isa = PBXBuildFile; fileRef = B6FB00E3229B6A19000C22F5 /* yas_playing_umbrella.h */; settings = {ATTRIBUTES = (Public, ); }; };
		B6FB0107229B6A1A000C22F5 /* yas_playing_coordinator.cpp in Sources */ = {isa = PBXBuildFile; fileRef = B6FB00E4229B6A19000C22F5 /* yas_playing_coordinator.cpp */; };
		B6FB0108229B6A1A000C22F5 /* yas_playing_timeline_canceling.h in Headers */ = {isa = PBXBuildFile; fileRef = B6FB00E5229B6A19000C22F5 /* yas_playing_timeline_canceling.h */; settings = {ATTRIBUTES = (Public, ); }; };
		B6FB0109229B6A1A000C22F5 /* yas_playing_timeline_utils.cpp in Sources */ = {isa = PBXBuildFile; fileRef = B6FB00E6229B6A19000C22F5 /* yas_playing_timeline_utils.cpp */; };
		B6FB010B229B6A1A000C22F5 /* yas_playing_numbers_file.h in Headers */ = {isa = PBXBuildFile; fileRef = B6FB00E8229B6A19000C22F5 /* yas_playing_numbers_file.h */; settings = {ATTRIBUTES = (Public, ); }; };
		B6FB010C229B6A1A000C22F5 /* yas_playing_exporter.h in Headers */ = {isa = PBXBuildFile; fileRef = B6FB00E9229B6A19000C22F5 /* yas_playing_exporter.h */; settings = {ATTRIBUTES = (Public, ); }; };
		B6FB010E229B6A1A000C22F5 /* yas_playing_signal_file.cpp in Sources */ = {isa = PBXBuildFile; fileRef = B6FB00EB229B6A1A000C22F5 /* yas_playing_signal_file.cpp */; };
		B6FB010F229B6A1A000C22F5 /* yas_playing_math.cpp in Sources */ = {isa = PBXBuildFile; fileRef = B6FB00EC229B6A1A000C22F5 /* yas_playing_math.cpp */; };
		B6FB0110229B6A1A000C22F5 /* yas_playing_path.h in Headers */ = {isa = PBXBuildFile; fileRef = B6FB00ED229B6A1A000C22F5 /* yas_playing_path.h */; settings = {ATTRIBUTES = (Public, ); }; };
		B6FB0111229B6A1A000C22F5 /* yas_playing_signal_file_info.cpp in Sources */ = {isa = PBXBuildFile; fileRef = B6FB00EE229B6A1A000C22F5 /* yas_playing_signal_file_info.cpp */; };
		B6FB0112229B6A1A000C22F5 /* yas_playing_player_types.h in Headers */ = {isa = PBXBuildFile; fileRef = B6FB00EF229B6A1A000C22F5 /* yas_playing_player_types.h */; settings = {ATTRIBUTES = (Public, ); }; };
/* End PBXBuildFile section */

/* Begin PBXFileReference section */
		B6081262259C8F0C00BB580C /* yas_playing_exporter_resource.h */ = {isa = PBXFileReference; fileEncoding = 4; lastKnownFileType = sourcecode.c.h; path = yas_playing_exporter_resource.h; sourceTree = "<group>"; };
		B6081263259C8F0C00BB580C /* yas_playing_exporter_resource.cpp */ = {isa = PBXFileReference; fileEncoding = 4; lastKnownFileType = sourcecode.cpp.cpp; path = yas_playing_exporter_resource.cpp; sourceTree = "<group>"; };
		B608127C259CAA6000BB580C /* yas_playing_exporter_types.h */ = {isa = PBXFileReference; lastKnownFileType = sourcecode.c.h; path = yas_playing_exporter_types.h; sourceTree = "<group>"; };
		B61DF5D5254EDC3100972B05 /* yas_playing_reading_resource.cpp */ = {isa = PBXFileReference; lastKnownFileType = sourcecode.cpp.cpp; path = yas_playing_reading_resource.cpp; sourceTree = "<group>"; };
		B61DF5D6254EDC3100972B05 /* yas_playing_reading_resource.h */ = {isa = PBXFileReference; lastKnownFileType = sourcecode.c.h; path = yas_playing_reading_resource.h; sourceTree = "<group>"; };
		B64649522558397100398A97 /* yas_playing_player_resource.cpp */ = {isa = PBXFileReference; lastKnownFileType = sourcecode.cpp.cpp; path = yas_playing_player_resource.cpp; sourceTree = "<group>"; };
		B64649532558397100398A97 /* yas_playing_player_resource.h */ = {isa = PBXFileReference; lastKnownFileType = sourcecode.c.h; path = yas_playing_player_resource.h; sourceTree = "<group>"; };
		B66827D4254D4B9500306B0D /* yas_playing_player.cpp */ = {isa = PBXFileReference; lastKnownFileType = sourcecode.cpp.cpp; path = yas_playing_player.cpp; sourceTree = "<group>"; };
		B66827D5254D4B9500306B0D /* yas_playing_player.h */ = {isa = PBXFileReference; lastKnownFileType = sourcecode.c.h; path = yas_playing_player.h; sourceTree = "<group>"; };
		B66827DB254E666D00306B0D /* yas_playing_player_utils.cpp */ = {isa = PBXFileReference; lastKnownFileType = sourcecode.cpp.cpp; path = yas_playing_player_utils.cpp; sourceTree = "<group>"; };
		B66827DC254E666D00306B0D /* yas_playing_player_utils.h */ = {isa = PBXFileReference; lastKnownFileType = sourcecode.c.h; path = yas_playing_player_utils.h; sourceTree = "<group>"; };
		B66827F7254E6A4700306B0D /* yas_playing_coordinator_dependency.h */ = {isa = PBXFileReference; lastKnownFileType = sourcecode.c.h; path = yas_playing_coordinator_dependency.h; sourceTree = "<group>"; };
		B668280925510D2500306B0D /* yas_playing_buffering_resource.cpp */ = {isa = PBXFileReference; lastKnownFileType = sourcecode.cpp.cpp; path = yas_playing_buffering_resource.cpp; sourceTree = "<group>"; };
		B668280A25510D2500306B0D /* yas_playing_buffering_resource.h */ = {isa = PBXFileReference; lastKnownFileType = sourcecode.c.h; path = yas_playing_buffering_resource.h; sourceTree = "<group>"; };
		B67D29582599BC8A00692980 /* yas_playing_channel_mapping.h */ = {isa = PBXFileReference; lastKnownFileType = sourcecode.c.h; path = yas_playing_channel_mapping.h; sourceTree = "<group>"; };
		B67D29612599E7CE00692980 /* yas_playing_channel_mapping.cpp */ = {isa = PBXFileReference; lastKnownFileType = sourcecode.cpp.cpp; path = yas_playing_channel_mapping.cpp; sourceTree = "<group>"; };
		B68CE59123272BD700FC2EF3 /* yas_playing_ptr.h */ = {isa = PBXFileReference; lastKnownFileType = sourcecode.c.h; path = yas_playing_ptr.h; sourceTree = "<group>"; };
		B69AF321258BA01700856455 /* yas_playing_buffering_element_protocol.cpp */ = {isa = PBXFileReference; fileEncoding = 4; lastKnownFileType = sourcecode.cpp.cpp; path = yas_playing_buffering_element_protocol.cpp; sourceTree = "<group>"; };
		B6A1F8C32600CED700687652 /* observing.framework */ = {isa = PBXFileReference; explicitFileType = wrapper.framework; path = observing.framework; sourceTree = BUILT_PRODUCTS_DIR; };
		B6AC810625826147003A4CEC /* yas_playing_reading_resource_types.h */ = {isa = PBXFileReference; lastKnownFileType = sourcecode.c.h; path = yas_playing_reading_resource_types.h; sourceTree = "<group>"; };
		B6B30F7E25595FCF0022D37A /* yas_playing_buffering_channel.cpp */ = {isa = PBXFileReference; lastKnownFileType = sourcecode.cpp.cpp; path = yas_playing_buffering_channel.cpp; sourceTree = "<group>"; };
		B6B30F7F25595FCF0022D37A /* yas_playing_buffering_channel.h */ = {isa = PBXFileReference; lastKnownFileType = sourcecode.c.h; path = yas_playing_buffering_channel.h; sourceTree = "<group>"; };
		B6B30F842559601D0022D37A /* yas_playing_buffering_element.cpp */ = {isa = PBXFileReference; lastKnownFileType = sourcecode.cpp.cpp; path = yas_playing_buffering_element.cpp; sourceTree = "<group>"; };
		B6B30F852559601D0022D37A /* yas_playing_buffering_element.h */ = {isa = PBXFileReference; lastKnownFileType = sourcecode.c.h; path = yas_playing_buffering_element.h; sourceTree = "<group>"; };
		B6CF842D2646220E001E2C3A /* yas_playing_player_dependency.h */ = {isa = PBXFileReference; lastKnownFileType = sourcecode.c.h; path = yas_playing_player_dependency.h; sourceTree = "<group>"; };
		B6CF845326466A51001E2C3A /* yas_playing_player_resource_dependency.h */ = {isa = PBXFileReference; fileEncoding = 4; lastKnownFileType = sourcecode.c.h; path = yas_playing_player_resource_dependency.h; sourceTree = "<group>"; };
		B6CF845F26466ECC001E2C3A /* yas_playing_buffering_resource_dependency.h */ = {isa = PBXFileReference; fileEncoding = 4; lastKnownFileType = sourcecode.c.h; path = yas_playing_buffering_resource_dependency.h; sourceTree = "<group>"; };
		B6CF846926466F79001E2C3A /* yas_playing_buffering_channel_dependency.h */ = {isa = PBXFileReference; fileEncoding = 4; lastKnownFileType = sourcecode.c.h; path = yas_playing_buffering_channel_dependency.h; sourceTree = "<group>"; };
		B6E06A0A257A55AA0018E91D /* yas_playing_buffering_element_protocol.h */ = {isa = PBXFileReference; lastKnownFileType = sourcecode.c.h; path = yas_playing_buffering_element_protocol.h; sourceTree = "<group>"; };
		B6E06A11257A6DFA0018E91D /* yas_playing_buffering_resource_types.h */ = {isa = PBXFileReference; lastKnownFileType = sourcecode.c.h; path = yas_playing_buffering_resource_types.h; sourceTree = "<group>"; };
		B6FB00B8229B69D4000C22F5 /* playing.framework */ = {isa = PBXFileReference; explicitFileType = wrapper.framework; includeInIndex = 0; path = playing.framework; sourceTree = BUILT_PRODUCTS_DIR; };
		B6FB00BB229B69D5000C22F5 /* playing.h */ = {isa = PBXFileReference; lastKnownFileType = sourcecode.c.h; path = playing.h; sourceTree = "<group>"; };
		B6FB00BC229B69D5000C22F5 /* Info.plist */ = {isa = PBXFileReference; lastKnownFileType = text.plist.xml; path = Info.plist; sourceTree = "<group>"; };
		B6FB00C2229B6A10000C22F5 /* audio.framework */ = {isa = PBXFileReference; explicitFileType = wrapper.framework; path = audio.framework; sourceTree = BUILT_PRODUCTS_DIR; };
		B6FB00C4229B6A10000C22F5 /* chaining.framework */ = {isa = PBXFileReference; explicitFileType = wrapper.framework; path = chaining.framework; sourceTree = BUILT_PRODUCTS_DIR; };
		B6FB00C6229B6A10000C22F5 /* cpp_utils.framework */ = {isa = PBXFileReference; explicitFileType = wrapper.framework; path = cpp_utils.framework; sourceTree = BUILT_PRODUCTS_DIR; };
		B6FB00C8229B6A10000C22F5 /* objc_utils.framework */ = {isa = PBXFileReference; explicitFileType = wrapper.framework; path = objc_utils.framework; sourceTree = BUILT_PRODUCTS_DIR; };
		B6FB00CA229B6A10000C22F5 /* processing.framework */ = {isa = PBXFileReference; explicitFileType = wrapper.framework; path = processing.framework; sourceTree = BUILT_PRODUCTS_DIR; };
		B6FB00CD229B6A19000C22F5 /* yas_playing_coordinator.h */ = {isa = PBXFileReference; fileEncoding = 4; lastKnownFileType = sourcecode.c.h; path = yas_playing_coordinator.h; sourceTree = "<group>"; };
		B6FB00CE229B6A19000C22F5 /* yas_playing_timeline_container.cpp */ = {isa = PBXFileReference; fileEncoding = 4; lastKnownFileType = sourcecode.cpp.cpp; path = yas_playing_timeline_container.cpp; sourceTree = "<group>"; };
		B6FB00D0229B6A19000C22F5 /* yas_playing_path.cpp */ = {isa = PBXFileReference; fileEncoding = 4; lastKnownFileType = sourcecode.cpp.cpp; path = yas_playing_path.cpp; sourceTree = "<group>"; };
		B6FB00D2229B6A19000C22F5 /* yas_playing_timeline_utils.h */ = {isa = PBXFileReference; fileEncoding = 4; lastKnownFileType = sourcecode.c.h; path = yas_playing_timeline_utils.h; sourceTree = "<group>"; };
		B6FB00D4229B6A19000C22F5 /* yas_playing_renderer.h */ = {isa = PBXFileReference; fileEncoding = 4; lastKnownFileType = sourcecode.c.h; path = yas_playing_renderer.h; sourceTree = "<group>"; };
		B6FB00D6229B6A19000C22F5 /* yas_playing_renderer.cpp */ = {isa = PBXFileReference; fileEncoding = 4; lastKnownFileType = sourcecode.cpp.cpp; path = yas_playing_renderer.cpp; sourceTree = "<group>"; };
		B6FB00D7229B6A19000C22F5 /* yas_playing_timeline_canceling.cpp */ = {isa = PBXFileReference; fileEncoding = 4; lastKnownFileType = sourcecode.cpp.cpp; path = yas_playing_timeline_canceling.cpp; sourceTree = "<group>"; };
		B6FB00D8229B6A19000C22F5 /* yas_playing_renderer_types.h */ = {isa = PBXFileReference; fileEncoding = 4; lastKnownFileType = sourcecode.c.h; path = yas_playing_renderer_types.h; sourceTree = "<group>"; };
		B6FB00DA229B6A19000C22F5 /* yas_playing_signal_file_info.h */ = {isa = PBXFileReference; fileEncoding = 4; lastKnownFileType = sourcecode.c.h; path = yas_playing_signal_file_info.h; sourceTree = "<group>"; };
		B6FB00DB229B6A19000C22F5 /* yas_playing_signal_file.h */ = {isa = PBXFileReference; fileEncoding = 4; lastKnownFileType = sourcecode.c.h; path = yas_playing_signal_file.h; sourceTree = "<group>"; };
		B6FB00DE229B6A19000C22F5 /* yas_playing_math.h */ = {isa = PBXFileReference; fileEncoding = 4; lastKnownFileType = sourcecode.c.h; path = yas_playing_math.h; sourceTree = "<group>"; };
		B6FB00DF229B6A19000C22F5 /* yas_playing_types.h */ = {isa = PBXFileReference; fileEncoding = 4; lastKnownFileType = sourcecode.c.h; path = yas_playing_types.h; sourceTree = "<group>"; };
		B6FB00E0229B6A19000C22F5 /* yas_playing_timeline_container.h */ = {isa = PBXFileReference; fileEncoding = 4; lastKnownFileType = sourcecode.c.h; path = yas_playing_timeline_container.h; sourceTree = "<group>"; };
		B6FB00E1229B6A19000C22F5 /* yas_playing_numbers_file.cpp */ = {isa = PBXFileReference; fileEncoding = 4; lastKnownFileType = sourcecode.cpp.cpp; path = yas_playing_numbers_file.cpp; sourceTree = "<group>"; };
		B6FB00E2229B6A19000C22F5 /* yas_playing_exporter.cpp */ = {isa = PBXFileReference; fileEncoding = 4; lastKnownFileType = sourcecode.cpp.cpp; path = yas_playing_exporter.cpp; sourceTree = "<group>"; };
		B6FB00E3229B6A19000C22F5 /* yas_playing_umbrella.h */ = {isa = PBXFileReference; fileEncoding = 4; lastKnownFileType = sourcecode.c.h; path = yas_playing_umbrella.h; sourceTree = "<group>"; };
		B6FB00E4229B6A19000C22F5 /* yas_playing_coordinator.cpp */ = {isa = PBXFileReference; fileEncoding = 4; lastKnownFileType = sourcecode.cpp.cpp; path = yas_playing_coordinator.cpp; sourceTree = "<group>"; };
		B6FB00E5229B6A19000C22F5 /* yas_playing_timeline_canceling.h */ = {isa = PBXFileReference; fileEncoding = 4; lastKnownFileType = sourcecode.c.h; path = yas_playing_timeline_canceling.h; sourceTree = "<group>"; };
		B6FB00E6229B6A19000C22F5 /* yas_playing_timeline_utils.cpp */ = {isa = PBXFileReference; fileEncoding = 4; lastKnownFileType = sourcecode.cpp.cpp; path = yas_playing_timeline_utils.cpp; sourceTree = "<group>"; };
		B6FB00E8229B6A19000C22F5 /* yas_playing_numbers_file.h */ = {isa = PBXFileReference; fileEncoding = 4; lastKnownFileType = sourcecode.c.h; path = yas_playing_numbers_file.h; sourceTree = "<group>"; };
		B6FB00E9229B6A19000C22F5 /* yas_playing_exporter.h */ = {isa = PBXFileReference; fileEncoding = 4; lastKnownFileType = sourcecode.c.h; path = yas_playing_exporter.h; sourceTree = "<group>"; };
		B6FB00EB229B6A1A000C22F5 /* yas_playing_signal_file.cpp */ = {isa = PBXFileReference; fileEncoding = 4; lastKnownFileType = sourcecode.cpp.cpp; path = yas_playing_signal_file.cpp; sourceTree = "<group>"; };
		B6FB00EC229B6A1A000C22F5 /* yas_playing_math.cpp */ = {isa = PBXFileReference; fileEncoding = 4; lastKnownFileType = sourcecode.cpp.cpp; path = yas_playing_math.cpp; sourceTree = "<group>"; };
		B6FB00ED229B6A1A000C22F5 /* yas_playing_path.h */ = {isa = PBXFileReference; fileEncoding = 4; lastKnownFileType = sourcecode.c.h; path = yas_playing_path.h; sourceTree = "<group>"; };
		B6FB00EE229B6A1A000C22F5 /* yas_playing_signal_file_info.cpp */ = {isa = PBXFileReference; fileEncoding = 4; lastKnownFileType = sourcecode.cpp.cpp; path = yas_playing_signal_file_info.cpp; sourceTree = "<group>"; };
		B6FB00EF229B6A1A000C22F5 /* yas_playing_player_types.h */ = {isa = PBXFileReference; fileEncoding = 4; lastKnownFileType = sourcecode.c.h; path = yas_playing_player_types.h; sourceTree = "<group>"; };
/* End PBXFileReference section */

/* Begin PBXFrameworksBuildPhase section */
		B6FB00B5229B69D4000C22F5 /* Frameworks */ = {
			isa = PBXFrameworksBuildPhase;
			buildActionMask = 2147483647;
			files = (
				B6FB00C3229B6A10000C22F5 /* audio.framework in Frameworks */,
				B6A1F8C42600CED700687652 /* observing.framework in Frameworks */,
				B6FB00C7229B6A10000C22F5 /* cpp_utils.framework in Frameworks */,
				B6FB00C9229B6A10000C22F5 /* objc_utils.framework in Frameworks */,
				B6FB00CB229B6A10000C22F5 /* processing.framework in Frameworks */,
			);
			runOnlyForDeploymentPostprocessing = 0;
		};
/* End PBXFrameworksBuildPhase section */

/* Begin PBXGroup section */
		B6FB00AC229B69C7000C22F5 = {
			isa = PBXGroup;
			children = (
				B6FB00BA229B69D5000C22F5 /* playing */,
				B6FB00B9229B69D4000C22F5 /* Products */,
				B6FB00C1229B6A10000C22F5 /* Frameworks */,
			);
			sourceTree = "<group>";
		};
		B6FB00B9229B69D4000C22F5 /* Products */ = {
			isa = PBXGroup;
			children = (
				B6FB00B8229B69D4000C22F5 /* playing.framework */,
			);
			name = Products;
			sourceTree = "<group>";
		};
		B6FB00BA229B69D5000C22F5 /* playing */ = {
			isa = PBXGroup;
			children = (
				B6FB00CC229B6A19000C22F5 /* playing */,
				B6FB00BB229B69D5000C22F5 /* playing.h */,
				B6FB00BC229B69D5000C22F5 /* Info.plist */,
			);
			path = playing;
			sourceTree = "<group>";
		};
		B6FB00C1229B6A10000C22F5 /* Frameworks */ = {
			isa = PBXGroup;
			children = (
				B6A1F8C32600CED700687652 /* observing.framework */,
				B6FB00C2229B6A10000C22F5 /* audio.framework */,
				B6FB00C4229B6A10000C22F5 /* chaining.framework */,
				B6FB00C6229B6A10000C22F5 /* cpp_utils.framework */,
				B6FB00C8229B6A10000C22F5 /* objc_utils.framework */,
				B6FB00CA229B6A10000C22F5 /* processing.framework */,
			);
			name = Frameworks;
			sourceTree = "<group>";
		};
		B6FB00CC229B6A19000C22F5 /* playing */ = {
			isa = PBXGroup;
			children = (
				B6CF846926466F79001E2C3A /* yas_playing_buffering_channel_dependency.h */,
				B6B30F7E25595FCF0022D37A /* yas_playing_buffering_channel.cpp */,
				B6B30F7F25595FCF0022D37A /* yas_playing_buffering_channel.h */,
				B69AF321258BA01700856455 /* yas_playing_buffering_element_protocol.cpp */,
				B6E06A0A257A55AA0018E91D /* yas_playing_buffering_element_protocol.h */,
				B6B30F842559601D0022D37A /* yas_playing_buffering_element.cpp */,
				B6B30F852559601D0022D37A /* yas_playing_buffering_element.h */,
				B6CF845F26466ECC001E2C3A /* yas_playing_buffering_resource_dependency.h */,
				B6E06A11257A6DFA0018E91D /* yas_playing_buffering_resource_types.h */,
				B668280925510D2500306B0D /* yas_playing_buffering_resource.cpp */,
				B668280A25510D2500306B0D /* yas_playing_buffering_resource.h */,
				B67D29612599E7CE00692980 /* yas_playing_channel_mapping.cpp */,
				B67D29582599BC8A00692980 /* yas_playing_channel_mapping.h */,
				B66827F7254E6A4700306B0D /* yas_playing_coordinator_dependency.h */,
				B6FB00E4229B6A19000C22F5 /* yas_playing_coordinator.cpp */,
				B6FB00CD229B6A19000C22F5 /* yas_playing_coordinator.h */,
				B6081263259C8F0C00BB580C /* yas_playing_exporter_resource.cpp */,
				B6081262259C8F0C00BB580C /* yas_playing_exporter_resource.h */,
				B608127C259CAA6000BB580C /* yas_playing_exporter_types.h */,
				B6FB00E2229B6A19000C22F5 /* yas_playing_exporter.cpp */,
				B6FB00E9229B6A19000C22F5 /* yas_playing_exporter.h */,
				B6FB00EC229B6A1A000C22F5 /* yas_playing_math.cpp */,
				B6FB00DE229B6A19000C22F5 /* yas_playing_math.h */,
				B6FB00E1229B6A19000C22F5 /* yas_playing_numbers_file.cpp */,
				B6FB00E8229B6A19000C22F5 /* yas_playing_numbers_file.h */,
				B6FB00D0229B6A19000C22F5 /* yas_playing_path.cpp */,
				B6FB00ED229B6A1A000C22F5 /* yas_playing_path.h */,
				B6CF845326466A51001E2C3A /* yas_playing_player_resource_dependency.h */,
				B6CF842D2646220E001E2C3A /* yas_playing_player_dependency.h */,
				B64649522558397100398A97 /* yas_playing_player_resource.cpp */,
				B64649532558397100398A97 /* yas_playing_player_resource.h */,
				B6FB00EF229B6A1A000C22F5 /* yas_playing_player_types.h */,
				B66827DB254E666D00306B0D /* yas_playing_player_utils.cpp */,
				B66827DC254E666D00306B0D /* yas_playing_player_utils.h */,
				B66827D4254D4B9500306B0D /* yas_playing_player.cpp */,
				B66827D5254D4B9500306B0D /* yas_playing_player.h */,
				B68CE59123272BD700FC2EF3 /* yas_playing_ptr.h */,
				B6AC810625826147003A4CEC /* yas_playing_reading_resource_types.h */,
				B61DF5D5254EDC3100972B05 /* yas_playing_reading_resource.cpp */,
				B61DF5D6254EDC3100972B05 /* yas_playing_reading_resource.h */,
				B6FB00D8229B6A19000C22F5 /* yas_playing_renderer_types.h */,
				B6FB00D6229B6A19000C22F5 /* yas_playing_renderer.cpp */,
				B6FB00D4229B6A19000C22F5 /* yas_playing_renderer.h */,
				B6FB00EE229B6A1A000C22F5 /* yas_playing_signal_file_info.cpp */,
				B6FB00DA229B6A19000C22F5 /* yas_playing_signal_file_info.h */,
				B6FB00EB229B6A1A000C22F5 /* yas_playing_signal_file.cpp */,
				B6FB00DB229B6A19000C22F5 /* yas_playing_signal_file.h */,
				B6FB00D7229B6A19000C22F5 /* yas_playing_timeline_canceling.cpp */,
				B6FB00E5229B6A19000C22F5 /* yas_playing_timeline_canceling.h */,
				B6FB00CE229B6A19000C22F5 /* yas_playing_timeline_container.cpp */,
				B6FB00E0229B6A19000C22F5 /* yas_playing_timeline_container.h */,
				B6FB00E6229B6A19000C22F5 /* yas_playing_timeline_utils.cpp */,
				B6FB00D2229B6A19000C22F5 /* yas_playing_timeline_utils.h */,
				B6FB00DF229B6A19000C22F5 /* yas_playing_types.h */,
				B6FB00E3229B6A19000C22F5 /* yas_playing_umbrella.h */,
			);
			name = playing;
			path = ../../playing;
			sourceTree = "<group>";
		};
/* End PBXGroup section */

/* Begin PBXHeadersBuildPhase section */
		B6FB00B3229B69D4000C22F5 /* Headers */ = {
			isa = PBXHeadersBuildPhase;
			buildActionMask = 2147483647;
			files = (
				B68CE59223272BD700FC2EF3 /* yas_playing_ptr.h in Headers */,
				B67D295A2599BC8A00692980 /* yas_playing_channel_mapping.h in Headers */,
				B6FB010C229B6A1A000C22F5 /* yas_playing_exporter.h in Headers */,
				B6FB0103229B6A1A000C22F5 /* yas_playing_timeline_container.h in Headers */,
				B6FB00F5229B6A1A000C22F5 /* yas_playing_timeline_utils.h in Headers */,
				B61DF5D8254EDC3100972B05 /* yas_playing_reading_resource.h in Headers */,
				B6FB00BD229B69D5000C22F5 /* playing.h in Headers */,
				B668280C25510D2500306B0D /* yas_playing_buffering_resource.h in Headers */,
				B6FB00F0229B6A1A000C22F5 /* yas_playing_coordinator.h in Headers */,
				B66827DE254E666D00306B0D /* yas_playing_player_utils.h in Headers */,
				B6FB00FE229B6A1A000C22F5 /* yas_playing_signal_file.h in Headers */,
				B6B30F872559601D0022D37A /* yas_playing_buffering_element.h in Headers */,
				B6FB00F7229B6A1A000C22F5 /* yas_playing_renderer.h in Headers */,
				B6FB0101229B6A1A000C22F5 /* yas_playing_math.h in Headers */,
				B6FB00FD229B6A1A000C22F5 /* yas_playing_signal_file_info.h in Headers */,
				B6FB0102229B6A1A000C22F5 /* yas_playing_types.h in Headers */,
				B6CF842E2646220E001E2C3A /* yas_playing_player_dependency.h in Headers */,
				B6FB010B229B6A1A000C22F5 /* yas_playing_numbers_file.h in Headers */,
				B6CF846026466ECC001E2C3A /* yas_playing_buffering_resource_dependency.h in Headers */,
				B66827F8254E6A4D00306B0D /* yas_playing_coordinator_dependency.h in Headers */,
				B6CF846A26466F79001E2C3A /* yas_playing_buffering_channel_dependency.h in Headers */,
				B608127D259CAA6000BB580C /* yas_playing_exporter_types.h in Headers */,
				B6FB0110229B6A1A000C22F5 /* yas_playing_path.h in Headers */,
				B6081264259C8F0C00BB580C /* yas_playing_exporter_resource.h in Headers */,
				B64649552558397100398A97 /* yas_playing_player_resource.h in Headers */,
				B66827D7254D4B9500306B0D /* yas_playing_player.h in Headers */,
				B6AC810725826147003A4CEC /* yas_playing_reading_resource_types.h in Headers */,
				B6E06A0C257A55F10018E91D /* yas_playing_buffering_element_protocol.h in Headers */,
				B6FB0108229B6A1A000C22F5 /* yas_playing_timeline_canceling.h in Headers */,
				B6E06A13257A6E1F0018E91D /* yas_playing_buffering_resource_types.h in Headers */,
				B6FB0106229B6A1A000C22F5 /* yas_playing_umbrella.h in Headers */,
				B6B30F8125595FCF0022D37A /* yas_playing_buffering_channel.h in Headers */,
				B6FB00FB229B6A1A000C22F5 /* yas_playing_renderer_types.h in Headers */,
				B6FB0112229B6A1A000C22F5 /* yas_playing_player_types.h in Headers */,
				B6CF845426466A51001E2C3A /* yas_playing_player_resource_dependency.h in Headers */,
			);
			runOnlyForDeploymentPostprocessing = 0;
		};
/* End PBXHeadersBuildPhase section */

/* Begin PBXNativeTarget section */
		B6FB00B7229B69D4000C22F5 /* playing */ = {
			isa = PBXNativeTarget;
			buildConfigurationList = B6FB00BE229B69D5000C22F5 /* Build configuration list for PBXNativeTarget "playing" */;
			buildPhases = (
				B6FB00B3229B69D4000C22F5 /* Headers */,
				B6FB00B4229B69D4000C22F5 /* Sources */,
				B6FB00B5229B69D4000C22F5 /* Frameworks */,
				B6FB00B6229B69D4000C22F5 /* Resources */,
			);
			buildRules = (
			);
			dependencies = (
			);
			name = playing;
			productName = playing;
			productReference = B6FB00B8229B69D4000C22F5 /* playing.framework */;
			productType = "com.apple.product-type.framework";
		};
/* End PBXNativeTarget section */

/* Begin PBXProject section */
		B6FB00AD229B69C7000C22F5 /* Project object */ = {
			isa = PBXProject;
			attributes = {
				LastUpgradeCheck = 1210;
				TargetAttributes = {
					B6FB00B7229B69D4000C22F5 = {
						CreatedOnToolsVersion = 10.2.1;
					};
				};
			};
			buildConfigurationList = B6FB00B0229B69C7000C22F5 /* Build configuration list for PBXProject "playing_mac" */;
			compatibilityVersion = "Xcode 9.3";
			developmentRegion = en;
			hasScannedForEncodings = 0;
			knownRegions = (
				en,
				Base,
			);
			mainGroup = B6FB00AC229B69C7000C22F5;
			productRefGroup = B6FB00B9229B69D4000C22F5 /* Products */;
			projectDirPath = "";
			projectRoot = "";
			targets = (
				B6FB00B7229B69D4000C22F5 /* playing */,
			);
		};
/* End PBXProject section */

/* Begin PBXResourcesBuildPhase section */
		B6FB00B6229B69D4000C22F5 /* Resources */ = {
			isa = PBXResourcesBuildPhase;
			buildActionMask = 2147483647;
			files = (
			);
			runOnlyForDeploymentPostprocessing = 0;
		};
/* End PBXResourcesBuildPhase section */

/* Begin PBXSourcesBuildPhase section */
		B6FB00B4229B69D4000C22F5 /* Sources */ = {
			isa = PBXSourcesBuildPhase;
			buildActionMask = 2147483647;
			files = (
				B6B30F8025595FCF0022D37A /* yas_playing_buffering_channel.cpp in Sources */,
				B6FB0111229B6A1A000C22F5 /* yas_playing_signal_file_info.cpp in Sources */,
				B6FB00FA229B6A1A000C22F5 /* yas_playing_timeline_canceling.cpp in Sources */,
				B6081265259C8F0C00BB580C /* yas_playing_exporter_resource.cpp in Sources */,
				B67D29632599E7CE00692980 /* yas_playing_channel_mapping.cpp in Sources */,
				B6FB0105229B6A1A000C22F5 /* yas_playing_exporter.cpp in Sources */,
				B6B30F862559601D0022D37A /* yas_playing_buffering_element.cpp in Sources */,
				B6FB00F1229B6A1A000C22F5 /* yas_playing_timeline_container.cpp in Sources */,
				B6FB00F9229B6A1A000C22F5 /* yas_playing_renderer.cpp in Sources */,
				B6FB0107229B6A1A000C22F5 /* yas_playing_coordinator.cpp in Sources */,
				B6FB00F3229B6A1A000C22F5 /* yas_playing_path.cpp in Sources */,
				B6FB0104229B6A1A000C22F5 /* yas_playing_numbers_file.cpp in Sources */,
				B6FB010F229B6A1A000C22F5 /* yas_playing_math.cpp in Sources */,
				B61DF5D7254EDC3100972B05 /* yas_playing_reading_resource.cpp in Sources */,
				B69AF322258BA01700856455 /* yas_playing_buffering_element_protocol.cpp in Sources */,
				B6FB010E229B6A1A000C22F5 /* yas_playing_signal_file.cpp in Sources */,
				B6FB0109229B6A1A000C22F5 /* yas_playing_timeline_utils.cpp in Sources */,
				B668280B25510D2500306B0D /* yas_playing_buffering_resource.cpp in Sources */,
				B66827DD254E666D00306B0D /* yas_playing_player_utils.cpp in Sources */,
				B64649542558397100398A97 /* yas_playing_player_resource.cpp in Sources */,
				B66827D6254D4B9500306B0D /* yas_playing_player.cpp in Sources */,
			);
			runOnlyForDeploymentPostprocessing = 0;
		};
/* End PBXSourcesBuildPhase section */

/* Begin XCBuildConfiguration section */
		B6FB00B1229B69C7000C22F5 /* Debug */ = {
			isa = XCBuildConfiguration;
			buildSettings = {
				CLANG_WARN_BLOCK_CAPTURE_AUTORELEASING = YES;
				CLANG_WARN_BOOL_CONVERSION = YES;
				CLANG_WARN_COMMA = YES;
				CLANG_WARN_CONSTANT_CONVERSION = YES;
				CLANG_WARN_DEPRECATED_OBJC_IMPLEMENTATIONS = YES;
				CLANG_WARN_EMPTY_BODY = YES;
				CLANG_WARN_ENUM_CONVERSION = YES;
				CLANG_WARN_INFINITE_RECURSION = YES;
				CLANG_WARN_INT_CONVERSION = YES;
				CLANG_WARN_NON_LITERAL_NULL_CONVERSION = YES;
				CLANG_WARN_OBJC_IMPLICIT_RETAIN_SELF = YES;
				CLANG_WARN_OBJC_LITERAL_CONVERSION = YES;
				CLANG_WARN_QUOTED_INCLUDE_IN_FRAMEWORK_HEADER = YES;
				CLANG_WARN_RANGE_LOOP_ANALYSIS = YES;
				CLANG_WARN_STRICT_PROTOTYPES = YES;
				CLANG_WARN_SUSPICIOUS_MOVE = YES;
				CLANG_WARN_UNREACHABLE_CODE = YES;
				CLANG_WARN__DUPLICATE_METHOD_MATCH = YES;
				ENABLE_STRICT_OBJC_MSGSEND = YES;
				ENABLE_TESTABILITY = YES;
				GCC_NO_COMMON_BLOCKS = YES;
				GCC_WARN_64_TO_32_BIT_CONVERSION = YES;
				GCC_WARN_ABOUT_RETURN_TYPE = YES;
				GCC_WARN_UNDECLARED_SELECTOR = YES;
				GCC_WARN_UNINITIALIZED_AUTOS = YES;
				GCC_WARN_UNUSED_FUNCTION = YES;
				GCC_WARN_UNUSED_VARIABLE = YES;
				MACOSX_DEPLOYMENT_TARGET = 10.15;
				ONLY_ACTIVE_ARCH = YES;
			};
			name = Debug;
		};
		B6FB00B2229B69C7000C22F5 /* Release */ = {
			isa = XCBuildConfiguration;
			buildSettings = {
				CLANG_WARN_BLOCK_CAPTURE_AUTORELEASING = YES;
				CLANG_WARN_BOOL_CONVERSION = YES;
				CLANG_WARN_COMMA = YES;
				CLANG_WARN_CONSTANT_CONVERSION = YES;
				CLANG_WARN_DEPRECATED_OBJC_IMPLEMENTATIONS = YES;
				CLANG_WARN_EMPTY_BODY = YES;
				CLANG_WARN_ENUM_CONVERSION = YES;
				CLANG_WARN_INFINITE_RECURSION = YES;
				CLANG_WARN_INT_CONVERSION = YES;
				CLANG_WARN_NON_LITERAL_NULL_CONVERSION = YES;
				CLANG_WARN_OBJC_IMPLICIT_RETAIN_SELF = YES;
				CLANG_WARN_OBJC_LITERAL_CONVERSION = YES;
				CLANG_WARN_QUOTED_INCLUDE_IN_FRAMEWORK_HEADER = YES;
				CLANG_WARN_RANGE_LOOP_ANALYSIS = YES;
				CLANG_WARN_STRICT_PROTOTYPES = YES;
				CLANG_WARN_SUSPICIOUS_MOVE = YES;
				CLANG_WARN_UNREACHABLE_CODE = YES;
				CLANG_WARN__DUPLICATE_METHOD_MATCH = YES;
				ENABLE_STRICT_OBJC_MSGSEND = YES;
				GCC_NO_COMMON_BLOCKS = YES;
				GCC_WARN_64_TO_32_BIT_CONVERSION = YES;
				GCC_WARN_ABOUT_RETURN_TYPE = YES;
				GCC_WARN_UNDECLARED_SELECTOR = YES;
				GCC_WARN_UNINITIALIZED_AUTOS = YES;
				GCC_WARN_UNUSED_FUNCTION = YES;
				GCC_WARN_UNUSED_VARIABLE = YES;
				MACOSX_DEPLOYMENT_TARGET = 10.15;
			};
			name = Release;
		};
		B6FB00BF229B69D5000C22F5 /* Debug */ = {
			isa = XCBuildConfiguration;
			buildSettings = {
				ALWAYS_SEARCH_USER_PATHS = NO;
				CLANG_ANALYZER_NONNULL = YES;
				CLANG_ANALYZER_NUMBER_OBJECT_CONVERSION = YES_AGGRESSIVE;
				CLANG_CXX_LANGUAGE_STANDARD = "gnu++17";
				CLANG_CXX_LIBRARY = "libc++";
				CLANG_ENABLE_MODULES = YES;
				CLANG_ENABLE_OBJC_WEAK = YES;
				CLANG_WARN_BLOCK_CAPTURE_AUTORELEASING = YES;
				CLANG_WARN_BOOL_CONVERSION = YES;
				CLANG_WARN_COMMA = YES;
				CLANG_WARN_CONSTANT_CONVERSION = YES;
				CLANG_WARN_DEPRECATED_OBJC_IMPLEMENTATIONS = YES;
				CLANG_WARN_DIRECT_OBJC_ISA_USAGE = YES_ERROR;
				CLANG_WARN_DOCUMENTATION_COMMENTS = YES;
				CLANG_WARN_EMPTY_BODY = YES;
				CLANG_WARN_ENUM_CONVERSION = YES;
				CLANG_WARN_INFINITE_RECURSION = YES;
				CLANG_WARN_INT_CONVERSION = YES;
				CLANG_WARN_NON_LITERAL_NULL_CONVERSION = YES;
				CLANG_WARN_OBJC_IMPLICIT_RETAIN_SELF = YES;
				CLANG_WARN_OBJC_LITERAL_CONVERSION = YES;
				CLANG_WARN_OBJC_ROOT_CLASS = YES_ERROR;
				CLANG_WARN_RANGE_LOOP_ANALYSIS = YES;
				CLANG_WARN_STRICT_PROTOTYPES = YES;
				CLANG_WARN_SUSPICIOUS_MOVE = YES;
				CLANG_WARN_UNGUARDED_AVAILABILITY = YES_AGGRESSIVE;
				CLANG_WARN_UNREACHABLE_CODE = YES;
				CLANG_WARN__DUPLICATE_METHOD_MATCH = YES;
				CODE_SIGN_IDENTITY = "-";
				CODE_SIGN_STYLE = Manual;
				COMBINE_HIDPI_IMAGES = YES;
				COPY_PHASE_STRIP = NO;
				CURRENT_PROJECT_VERSION = 1;
				DEBUG_INFORMATION_FORMAT = dwarf;
				DEFINES_MODULE = YES;
				DEVELOPMENT_TEAM = "";
				DYLIB_COMPATIBILITY_VERSION = 1;
				DYLIB_CURRENT_VERSION = 1;
				DYLIB_INSTALL_NAME_BASE = "@rpath";
				ENABLE_STRICT_OBJC_MSGSEND = YES;
				ENABLE_TESTABILITY = YES;
				FRAMEWORK_VERSION = A;
				GCC_C_LANGUAGE_STANDARD = gnu11;
				GCC_DYNAMIC_NO_PIC = NO;
				GCC_NO_COMMON_BLOCKS = YES;
				GCC_OPTIMIZATION_LEVEL = 0;
				GCC_PREPROCESSOR_DEFINITIONS = (
					"DEBUG=1",
					"$(inherited)",
				);
				GCC_WARN_64_TO_32_BIT_CONVERSION = YES;
				GCC_WARN_ABOUT_RETURN_TYPE = YES_ERROR;
				GCC_WARN_UNDECLARED_SELECTOR = YES;
				GCC_WARN_UNINITIALIZED_AUTOS = YES_AGGRESSIVE;
				GCC_WARN_UNUSED_FUNCTION = YES;
				GCC_WARN_UNUSED_VARIABLE = YES;
				INFOPLIST_FILE = playing/Info.plist;
				INSTALL_PATH = "$(LOCAL_LIBRARY_DIR)/Frameworks";
				LD_RUNPATH_SEARCH_PATHS = (
					"$(inherited)",
					"@executable_path/../Frameworks",
					"@loader_path/Frameworks",
				);
				MTL_ENABLE_DEBUG_INFO = INCLUDE_SOURCE;
				MTL_FAST_MATH = YES;
				ONLY_ACTIVE_ARCH = YES;
				PRODUCT_BUNDLE_IDENTIFIER = "jp.objective-audio.playing";
				PRODUCT_NAME = "$(TARGET_NAME:c99extidentifier)";
				PROVISIONING_PROFILE_SPECIFIER = "";
				SDKROOT = macosx;
				SKIP_INSTALL = YES;
				VERSIONING_SYSTEM = "apple-generic";
				VERSION_INFO_PREFIX = "";
			};
			name = Debug;
		};
		B6FB00C0229B69D5000C22F5 /* Release */ = {
			isa = XCBuildConfiguration;
			buildSettings = {
				ALWAYS_SEARCH_USER_PATHS = NO;
				CLANG_ANALYZER_NONNULL = YES;
				CLANG_ANALYZER_NUMBER_OBJECT_CONVERSION = YES_AGGRESSIVE;
				CLANG_CXX_LANGUAGE_STANDARD = "gnu++17";
				CLANG_CXX_LIBRARY = "libc++";
				CLANG_ENABLE_MODULES = YES;
				CLANG_ENABLE_OBJC_WEAK = YES;
				CLANG_WARN_BLOCK_CAPTURE_AUTORELEASING = YES;
				CLANG_WARN_BOOL_CONVERSION = YES;
				CLANG_WARN_COMMA = YES;
				CLANG_WARN_CONSTANT_CONVERSION = YES;
				CLANG_WARN_DEPRECATED_OBJC_IMPLEMENTATIONS = YES;
				CLANG_WARN_DIRECT_OBJC_ISA_USAGE = YES_ERROR;
				CLANG_WARN_DOCUMENTATION_COMMENTS = YES;
				CLANG_WARN_EMPTY_BODY = YES;
				CLANG_WARN_ENUM_CONVERSION = YES;
				CLANG_WARN_INFINITE_RECURSION = YES;
				CLANG_WARN_INT_CONVERSION = YES;
				CLANG_WARN_NON_LITERAL_NULL_CONVERSION = YES;
				CLANG_WARN_OBJC_IMPLICIT_RETAIN_SELF = YES;
				CLANG_WARN_OBJC_LITERAL_CONVERSION = YES;
				CLANG_WARN_OBJC_ROOT_CLASS = YES_ERROR;
				CLANG_WARN_RANGE_LOOP_ANALYSIS = YES;
				CLANG_WARN_STRICT_PROTOTYPES = YES;
				CLANG_WARN_SUSPICIOUS_MOVE = YES;
				CLANG_WARN_UNGUARDED_AVAILABILITY = YES_AGGRESSIVE;
				CLANG_WARN_UNREACHABLE_CODE = YES;
				CLANG_WARN__DUPLICATE_METHOD_MATCH = YES;
				CODE_SIGN_IDENTITY = "-";
				CODE_SIGN_STYLE = Manual;
				COMBINE_HIDPI_IMAGES = YES;
				COPY_PHASE_STRIP = NO;
				CURRENT_PROJECT_VERSION = 1;
				DEBUG_INFORMATION_FORMAT = "dwarf-with-dsym";
				DEFINES_MODULE = YES;
				DEVELOPMENT_TEAM = "";
				DYLIB_COMPATIBILITY_VERSION = 1;
				DYLIB_CURRENT_VERSION = 1;
				DYLIB_INSTALL_NAME_BASE = "@rpath";
				ENABLE_NS_ASSERTIONS = NO;
				ENABLE_STRICT_OBJC_MSGSEND = YES;
				FRAMEWORK_VERSION = A;
				GCC_C_LANGUAGE_STANDARD = gnu11;
				GCC_NO_COMMON_BLOCKS = YES;
				GCC_WARN_64_TO_32_BIT_CONVERSION = YES;
				GCC_WARN_ABOUT_RETURN_TYPE = YES_ERROR;
				GCC_WARN_UNDECLARED_SELECTOR = YES;
				GCC_WARN_UNINITIALIZED_AUTOS = YES_AGGRESSIVE;
				GCC_WARN_UNUSED_FUNCTION = YES;
				GCC_WARN_UNUSED_VARIABLE = YES;
				INFOPLIST_FILE = playing/Info.plist;
				INSTALL_PATH = "$(LOCAL_LIBRARY_DIR)/Frameworks";
				LD_RUNPATH_SEARCH_PATHS = (
					"$(inherited)",
					"@executable_path/../Frameworks",
					"@loader_path/Frameworks",
				);
				MTL_ENABLE_DEBUG_INFO = NO;
				MTL_FAST_MATH = YES;
				PRODUCT_BUNDLE_IDENTIFIER = "jp.objective-audio.playing";
				PRODUCT_NAME = "$(TARGET_NAME:c99extidentifier)";
				PROVISIONING_PROFILE_SPECIFIER = "";
				SDKROOT = macosx;
				SKIP_INSTALL = YES;
				VERSIONING_SYSTEM = "apple-generic";
				VERSION_INFO_PREFIX = "";
			};
			name = Release;
		};
/* End XCBuildConfiguration section */

/* Begin XCConfigurationList section */
		B6FB00B0229B69C7000C22F5 /* Build configuration list for PBXProject "playing_mac" */ = {
			isa = XCConfigurationList;
			buildConfigurations = (
				B6FB00B1229B69C7000C22F5 /* Debug */,
				B6FB00B2229B69C7000C22F5 /* Release */,
			);
			defaultConfigurationIsVisible = 0;
			defaultConfigurationName = Release;
		};
		B6FB00BE229B69D5000C22F5 /* Build configuration list for PBXNativeTarget "playing" */ = {
			isa = XCConfigurationList;
			buildConfigurations = (
				B6FB00BF229B69D5000C22F5 /* Debug */,
				B6FB00C0229B69D5000C22F5 /* Release */,
			);
			defaultConfigurationIsVisible = 0;
			defaultConfigurationName = Release;
		};
/* End XCConfigurationList section */
	};
	rootObject = B6FB00AD229B69C7000C22F5 /* Project object */;
}
